
Microsoft Visual Studio Solution File, Format Version 12.00
# Visual Studio Version 17
VisualStudioVersion = 17.12.35707.178 d17.12
MinimumVisualStudioVersion = 10.0.40219.1
Project("{FAE04EC0-301F-11D3-BF4B-00C04F79EFBC}") = "SmsPohApi", "SmsPohApi\SmsPohApi.csproj", "{BC86B054-7782-4BE5-AFB4-A1455B981DEE}"
EndProject
Global
	GlobalSection(SolutionConfigurationPlatforms) = preSolution
		Debug|Any CPU = Debug|Any CPU
		Release|Any CPU = Release|Any CPU
	EndGlobalSection
	GlobalSection(ProjectConfigurationPlatforms) = postSolution
		{BC86B054-7782-4BE5-AFB4-A1455B981DEE}.Debug|Any CPU.ActiveCfg = Debug|Any CPU
		{BC86B054-7782-4BE5-AFB4-A1455B981DEE}.Debug|Any CPU.Build.0 = Debug|Any CPU
		{BC86B054-7782-4BE5-AFB4-A1455B981DEE}.Release|Any CPU.ActiveCfg = Release|Any CPU
		{BC86B054-7782-4BE5-AFB4-A1455B981DEE}.Release|Any CPU.Build.0 = Release|Any CPU
	EndGlobalSection
	GlobalSection(SolutionProperties) = preSolution
		HideSolutionNode = FALSE
	EndGlobalSection
EndGlobal
